
Microsoft Visual Studio Solution File, Format Version 12.00
# Visual Studio Version 17
VisualStudioVersion = 17.0.31903.59
MinimumVisualStudioVersion = 10.0.40219.1
Project("{2150E333-8FDC-42A3-9474-1A3956D46DE8}") = "src", "src", "{172D9E65-FE27-486A-B879-BBF4AD7B9749}"
EndProject
Project("{2150E333-8FDC-42A3-9474-1A3956D46DE8}") = "backend", "backend", "{46CC802E-90E9-42BD-90A8-E28E65FD43A0}"
	ProjectSection(SolutionItems) = preProject
		src\backend\Readme.md = src\backend\Readme.md
	EndProjectSection
EndProject
Project("{FAE04EC0-301F-11D3-BF4B-00C04F79EFBC}") = "Domain", "src\backend\Domain\Domain.csproj", "{F6B2D6D4-16A8-4FF2-B798-381741CE9615}"
EndProject
Project("{FAE04EC0-301F-11D3-BF4B-00C04F79EFBC}") = "Application", "src\backend\Application\Application.csproj", "{894E3573-D5D6-42DE-BE25-EFEB89F38D5C}"
EndProject
Project("{FAE04EC0-301F-11D3-BF4B-00C04F79EFBC}") = "Infrastructure", "src\backend\Infrastructure\Infrastructure.csproj", "{30B5F772-9E04-4236-97F5-80985AA60C76}"
EndProject
Project("{FAE04EC0-301F-11D3-BF4B-00C04F79EFBC}") = "WebAPI", "src\backend\WebAPI\WebAPI.csproj", "{373D12C2-5CE3-474F-B0D8-90B8E8272967}"
EndProject
Project("{2150E333-8FDC-42A3-9474-1A3956D46DE8}") = "frontend", "frontend", "{DEA257C2-DF0C-4FA6-A18B-C860CFC44F32}"
	ProjectSection(SolutionItems) = preProject
		src\backend\Readme.md = src\backend\Readme.md
	EndProjectSection
EndProject
Project("{FAE04EC0-301F-11D3-BF4B-00C04F79EFBC}") = "Infrastructure", "src\frontend\Infrastructure\Infrastructure.csproj", "{37C59B00-24B7-4CE5-8984-A117AAEBAB2A}"
EndProject
Project("{FAE04EC0-301F-11D3-BF4B-00C04F79EFBC}") = "WebUI", "src\frontend\WebUI\WebUI.csproj", "{6FB59538-7D33-4EBA-9A0F-5BE8AF6EFAE7}"
EndProject
Global
	GlobalSection(SolutionConfigurationPlatforms) = preSolution
		Debug|Any CPU = Debug|Any CPU
		Release|Any CPU = Release|Any CPU
	EndGlobalSection
	GlobalSection(SolutionProperties) = preSolution
		HideSolutionNode = FALSE
	EndGlobalSection
	GlobalSection(ProjectConfigurationPlatforms) = postSolution
		{F6B2D6D4-16A8-4FF2-B798-381741CE9615}.Debug|Any CPU.ActiveCfg = Debug|Any CPU
		{F6B2D6D4-16A8-4FF2-B798-381741CE9615}.Debug|Any CPU.Build.0 = Debug|Any CPU
		{F6B2D6D4-16A8-4FF2-B798-381741CE9615}.Release|Any CPU.ActiveCfg = Release|Any CPU
		{F6B2D6D4-16A8-4FF2-B798-381741CE9615}.Release|Any CPU.Build.0 = Release|Any CPU
		{894E3573-D5D6-42DE-BE25-EFEB89F38D5C}.Debug|Any CPU.ActiveCfg = Debug|Any CPU
		{894E3573-D5D6-42DE-BE25-EFEB89F38D5C}.Debug|Any CPU.Build.0 = Debug|Any CPU
		{894E3573-D5D6-42DE-BE25-EFEB89F38D5C}.Release|Any CPU.ActiveCfg = Release|Any CPU
		{894E3573-D5D6-42DE-BE25-EFEB89F38D5C}.Release|Any CPU.Build.0 = Release|Any CPU
		{30B5F772-9E04-4236-97F5-80985AA60C76}.Debug|Any CPU.ActiveCfg = Debug|Any CPU
		{30B5F772-9E04-4236-97F5-80985AA60C76}.Debug|Any CPU.Build.0 = Debug|Any CPU
		{30B5F772-9E04-4236-97F5-80985AA60C76}.Release|Any CPU.ActiveCfg = Release|Any CPU
		{30B5F772-9E04-4236-97F5-80985AA60C76}.Release|Any CPU.Build.0 = Release|Any CPU
		{373D12C2-5CE3-474F-B0D8-90B8E8272967}.Debug|Any CPU.ActiveCfg = Debug|Any CPU
		{373D12C2-5CE3-474F-B0D8-90B8E8272967}.Debug|Any CPU.Build.0 = Debug|Any CPU
		{373D12C2-5CE3-474F-B0D8-90B8E8272967}.Release|Any CPU.ActiveCfg = Release|Any CPU
		{373D12C2-5CE3-474F-B0D8-90B8E8272967}.Release|Any CPU.Build.0 = Release|Any CPU
		{37C59B00-24B7-4CE5-8984-A117AAEBAB2A}.Debug|Any CPU.ActiveCfg = Debug|Any CPU
		{37C59B00-24B7-4CE5-8984-A117AAEBAB2A}.Debug|Any CPU.Build.0 = Debug|Any CPU
		{37C59B00-24B7-4CE5-8984-A117AAEBAB2A}.Release|Any CPU.ActiveCfg = Release|Any CPU
		{37C59B00-24B7-4CE5-8984-A117AAEBAB2A}.Release|Any CPU.Build.0 = Release|Any CPU
		{6FB59538-7D33-4EBA-9A0F-5BE8AF6EFAE7}.Debug|Any CPU.ActiveCfg = Debug|Any CPU
		{6FB59538-7D33-4EBA-9A0F-5BE8AF6EFAE7}.Debug|Any CPU.Build.0 = Debug|Any CPU
		{6FB59538-7D33-4EBA-9A0F-5BE8AF6EFAE7}.Release|Any CPU.ActiveCfg = Release|Any CPU
		{6FB59538-7D33-4EBA-9A0F-5BE8AF6EFAE7}.Release|Any CPU.Build.0 = Release|Any CPU
	EndGlobalSection
	GlobalSection(NestedProjects) = preSolution
		{46CC802E-90E9-42BD-90A8-E28E65FD43A0} = {172D9E65-FE27-486A-B879-BBF4AD7B9749}
		{F6B2D6D4-16A8-4FF2-B798-381741CE9615} = {46CC802E-90E9-42BD-90A8-E28E65FD43A0}
		{894E3573-D5D6-42DE-BE25-EFEB89F38D5C} = {46CC802E-90E9-42BD-90A8-E28E65FD43A0}
		{30B5F772-9E04-4236-97F5-80985AA60C76} = {46CC802E-90E9-42BD-90A8-E28E65FD43A0}
		{373D12C2-5CE3-474F-B0D8-90B8E8272967} = {46CC802E-90E9-42BD-90A8-E28E65FD43A0}
		{DEA257C2-DF0C-4FA6-A18B-C860CFC44F32} = {172D9E65-FE27-486A-B879-BBF4AD7B9749}
		{37C59B00-24B7-4CE5-8984-A117AAEBAB2A} = {DEA257C2-DF0C-4FA6-A18B-C860CFC44F32}
		{6FB59538-7D33-4EBA-9A0F-5BE8AF6EFAE7} = {DEA257C2-DF0C-4FA6-A18B-C860CFC44F32}
	EndGlobalSection
EndGlobal
